
Microsoft Visual Studio Solution File, Format Version 12.00
# Visual Studio Version 17
VisualStudioVersion = 17.14.36408.4 d17.14
MinimumVisualStudioVersion = 10.0.40219.1
Project("{FAE04EC0-301F-11D3-BF4B-00C04F79EFBC}") = "HaircutBooking", "HaircutBooking\HaircutBooking.csproj", "{EBD8FB83-C865-47DC-A798-8A3238BF8529}"
EndProject
Global
	GlobalSection(SolutionConfigurationPlatforms) = preSolution
		Debug|Any CPU = Debug|Any CPU
		Release|Any CPU = Release|Any CPU
	EndGlobalSection
	GlobalSection(ProjectConfigurationPlatforms) = postSolution
		{EBD8FB83-C865-47DC-A798-8A3238BF8529}.Debug|Any CPU.ActiveCfg = Debug|Any CPU
		{EBD8FB83-C865-47DC-A798-8A3238BF8529}.Debug|Any CPU.Build.0 = Debug|Any CPU
		{EBD8FB83-C865-47DC-A798-8A3238BF8529}.Release|Any CPU.ActiveCfg = Release|Any CPU
		{EBD8FB83-C865-47DC-A798-8A3238BF8529}.Release|Any CPU.Build.0 = Release|Any CPU
	EndGlobalSection
	GlobalSection(SolutionProperties) = preSolution
		HideSolutionNode = FALSE
	EndGlobalSection
	GlobalSection(ExtensibilityGlobals) = postSolution
		SolutionGuid = {0944F0B5-CABF-44E7-8A9B-FAA2D7B17F23}
	EndGlobalSection
EndGlobal
